// !$*UTF8*$!
{
	archiveVersion = 1;
	classes = {
	};
	objectVersion = 46;
	objects = {

/* Begin PBXBuildFile section */
		3628A1E31ACDF76B000C3B86 /* main.cpp in Sources */ = {isa = PBXBuildFile; fileRef = 3628A1E21ACDF76B000C3B86 /* main.cpp */; };
/* End PBXBuildFile section */

/* Begin PBXCopyFilesBuildPhase section */
		3628A1DD1ACDF76B000C3B86 /* CopyFiles */ = {
			isa = PBXCopyFilesBuildPhase;
			buildActionMask = 2147483647;
			dstPath = /usr/share/man/man1/;
			dstSubfolderSpec = 0;
			files = (
			);
			runOnlyForDeploymentPostprocessing = 1;
		};
/* End PBXCopyFilesBuildPhase section */

/* Begin PBXFileReference section */
		3628A1DF1ACDF76B000C3B86 /* hw7b_xcode.cpp */ = {isa = PBXFileReference; explicitFileType = "compiled.mach-o.executable"; includeInIndex = 0; path = hw7b_xcode.cpp; sourceTree = BUILT_PRODUCTS_DIR; };
		3628A1E21ACDF76B000C3B86 /* main.cpp */ = {isa = PBXFileReference; lastKnownFileType = sourcecode.cpp.cpp; path = main.cpp; sourceTree = "<group>"; };
/* End PBXFileReference section */

/* Begin PBXFrameworksBuildPhase section */
		3628A1DC1ACDF76B000C3B86 /* Frameworks */ = {
			isa = PBXFrameworksBuildPhase;
			buildActionMask = 2147483647;
			files = (
			);
			runOnlyForDeploymentPostprocessing = 0;
		};
/* End PBXFrameworksBuildPhase section */

/* Begin PBXGroup section */
		3628A1D61ACDF76B000C3B86 = {
			isa = PBXGroup;
			children = (
				3628A1E11ACDF76B000C3B86 /* hw7b_xcode.cpp */,
				3628A1E01ACDF76B000C3B86 /* Products */,
			);
			sourceTree = "<group>";
		};
		3628A1E01ACDF76B000C3B86 /* Products */ = {
			isa = PBXGroup;
			children = (
				3628A1DF1ACDF76B000C3B86 /* hw7b_xcode.cpp */,
			);
			name = Products;
			sourceTree = "<group>";
		};
		3628A1E11ACDF76B000C3B86 /* hw7b_xcode.cpp */ = {
			isa = PBXGroup;
			children = (
				3628A1E21ACDF76B000C3B86 /* main.cpp */,
			);
			path = hw7b_xcode.cpp;
			sourceTree = "<group>";
		};
/* End PBXGroup section */

/* Begin PBXNativeTarget section */
		3628A1DE1ACDF76B000C3B86 /* hw7b_xcode.cpp */ = {
			isa = PBXNativeTarget;
			buildConfigurationList = 3628A1E61ACDF76B000C3B86 /* Build configuration list for PBXNativeTarget "hw7b_xcode.cpp" */;
			buildPhases = (
				3628A1DB1ACDF76B000C3B86 /* Sources */,
				3628A1DC1ACDF76B000C3B86 /* Frameworks */,
				3628A1DD1ACDF76B000C3B86 /* CopyFiles */,
			);
			buildRules = (
			);
			dependencies = (
			);
			name = hw7b_xcode.cpp;
			productName = hw7b_xcode.cpp;
			productReference = 3628A1DF1ACDF76B000C3B86 /* hw7b_xcode.cpp */;
			productType = "com.apple.product-type.tool";
		};
/* End PBXNativeTarget section */

/* Begin PBXProject section */
		3628A1D71ACDF76B000C3B86 /* Project object */ = {
			isa = PBXProject;
			attributes = {
				LastUpgradeCheck = 0610;
				ORGANIZATIONNAME = "Josh Yue";
				TargetAttributes = {
					3628A1DE1ACDF76B000C3B86 = {
						CreatedOnToolsVersion = 6.1.1;
					};
				};
			};
			buildConfigurationList = 3628A1DA1ACDF76B000C3B86 /* Build configuration list for PBXProject "hw7b_xcode.cpp" */;
			compatibilityVersion = "Xcode 3.2";
			developmentRegion = English;
			hasScannedForEncodings = 0;
			knownRegions = (
				en,
			);
			mainGroup = 3628A1D61ACDF76B000C3B86;
			productRefGroup = 3628A1E01ACDF76B000C3B86 /* Products */;
			projectDirPath = "";
			projectRoot = "";
			targets = (
				3628A1DE1ACDF76B000C3B86 /* hw7b_xcode.cpp */,
			);
		};
/* End PBXProject section */

/* Begin PBXSourcesBuildPhase section */
		3628A1DB1ACDF76B000C3B86 /* Sources */ = {
			isa = PBXSourcesBuildPhase;
			buildActionMask = 2147483647;
			files = (
				3628A1E31ACDF76B000C3B86 /* main.cpp in Sources */,
			);
			runOnlyForDeploymentPostprocessing = 0;
		};
/* End PBXSourcesBuildPhase section */

/* Begin XCBuildConfiguration section */
		3628A1E41ACDF76B000C3B86 /* Debug */ = {
			isa = XCBuildConfiguration;
			buildSettings = {
				ALWAYS_SEARCH_USER_PATHS = NO;
				CLANG_CXX_LANGUAGE_STANDARD = "gnu++0x";
				CLANG_CXX_LIBRARY = "libc++";
				CLANG_ENABLE_MODULES = YES;
				CLANG_ENABLE_OBJC_ARC = YES;
				CLANG_WARN_BOOL_CONVERSION = YES;
				CLANG_WARN_CONSTANT_CONVERSION = YES;
				CLANG_WARN_DIRECT_OBJC_ISA_USAGE = YES_ERROR;
				CLANG_WARN_EMPTY_BODY = YES;
				CLANG_WARN_ENUM_CONVERSION = YES;
				CLANG_WARN_INT_CONVERSION = YES;
				CLANG_WARN_OBJC_ROOT_CLASS = YES_ERROR;
				CLANG_WARN_UNREACHABLE_CODE = YES;
				CLANG_WARN__DUPLICATE_METHOD_MATCH = YES;
				COPY_PHASE_STRIP = NO;
				ENABLE_STRICT_OBJC_MSGSEND = YES;
				GCC_C_LANGUAGE_STANDARD = gnu99;
				GCC_DYNAMIC_NO_PIC = NO;
				GCC_OPTIMIZATION_LEVEL = 0;
				GCC_PREPROCESSOR_DEFINITIONS = (
					"DEBUG=1",
					"$(inherited)",
				);
				GCC_SYMBOLS_PRIVATE_EXTERN = NO;
				GCC_WARN_64_TO_32_BIT_CONVERSION = YES;
				GCC_WARN_ABOUT_RETURN_TYPE = YES_ERROR;
				GCC_WARN_UNDECLARED_SELECTOR = YES;
				GCC_WARN_UNINITIALIZED_AUTOS = YES_AGGRESSIVE;
				GCC_WARN_UNUSED_FUNCTION = YES;
				GCC_WARN_UNUSED_VARIABLE = YES;
				MACOSX_DEPLOYMENT_TARGET = 10.10;
				MTL_ENABLE_DEBUG_INFO = YES;
				ONLY_ACTIVE_ARCH = YES;
				SDKROOT = macosx;
			};
			name = Debug;
		};
		3628A1E51ACDF76B000C3B86 /* Release */ = {
			isa = XCBuildConfiguration;
			buildSettings = {
				ALWAYS_SEARCH_USER_PATHS = NO;
				CLANG_CXX_LANGUAGE_STANDARD = "gnu++0x";
				CLANG_CXX_LIBRARY = "libc++";
				CLANG_ENABLE_MODULES = YES;
				CLANG_ENABLE_OBJC_ARC = YES;
				CLANG_WARN_BOOL_CONVERSION = YES;
				CLANG_WARN_CONSTANT_CONVERSION = YES;
				CLANG_WARN_DIRECT_OBJC_ISA_USAGE = YES_ERROR;
				CLANG_WARN_EMPTY_BODY = YES;
				CLANG_WARN_ENUM_CONVERSION = YES;
				CLANG_WARN_INT_CONVERSION = YES;
				CLANG_WARN_OBJC_ROOT_CLASS = YES_ERROR;
				CLANG_WARN_UNREACHABLE_CODE = YES;
				CLANG_WARN__DUPLICATE_METHOD_MATCH = YES;
				COPY_PHASE_STRIP = YES;
				DEBUG_INFORMATION_FORMAT = "dwarf-with-dsym";
				ENABLE_NS_ASSERTIONS = NO;
				ENABLE_STRICT_OBJC_MSGSEND = YES;
				GCC_C_LANGUAGE_STANDARD = gnu99;
				GCC_WARN_64_TO_32_BIT_CONVERSION = YES;
				GCC_WARN_ABOUT_RETURN_TYPE = YES_ERROR;
				GCC_WARN_UNDECLARED_SELECTOR = YES;
				GCC_WARN_UNINITIALIZED_AUTOS = YES_AGGRESSIVE;
				GCC_WARN_UNUSED_FUNCTION = YES;
				GCC_WARN_UNUSED_VARIABLE = YES;
				MACOSX_DEPLOYMENT_TARGET = 10.10;
				MTL_ENABLE_DEBUG_INFO = NO;
				SDKROOT = macosx;
			};
			name = Release;
		};
		3628A1E71ACDF76B000C3B86 /* Debug */ = {
			isa = XCBuildConfiguration;
			buildSettings = {
				PRODUCT_NAME = "$(TARGET_NAME)";
			};
			name = Debug;
		};
		3628A1E81ACDF76B000C3B86 /* Release */ = {
			isa = XCBuildConfiguration;
			buildSettings = {
				PRODUCT_NAME = "$(TARGET_NAME)";
			};
			name = Release;
		};
/* End XCBuildConfiguration section */

/* Begin XCConfigurationList section */
		3628A1DA1ACDF76B000C3B86 /* Build configuration list for PBXProject "hw7b_xcode.cpp" */ = {
			isa = XCConfigurationList;
			buildConfigurations = (
				3628A1E41ACDF76B000C3B86 /* Debug */,
				3628A1E51ACDF76B000C3B86 /* Release */,
			);
			defaultConfigurationIsVisible = 0;
			defaultConfigurationName = Release;
		};
		3628A1E61ACDF76B000C3B86 /* Build configuration list for PBXNativeTarget "hw7b_xcode.cpp" */ = {
			isa = XCConfigurationList;
			buildConfigurations = (
				3628A1E71ACDF76B000C3B86 /* Debug */,
				3628A1E81ACDF76B000C3B86 /* Release */,
			);
			defaultConfigurationIsVisible = 0;
		};
/* End XCConfigurationList section */
	};
	rootObject = 3628A1D71ACDF76B000C3B86 /* Project object */;
}
